
Microsoft Visual Studio Solution File, Format Version 12.00
# Visual Studio 15
VisualStudioVersion = 15.0.27703.2047
MinimumVisualStudioVersion = 10.0.40219.1
Project("{FAE04EC0-301F-11D3-BF4B-00C04F79EFBC}") = "EmpBirhyNotification.Web", "EmpBirhyNotification.Web\EmpBirhyNotification.Web.csproj", "{E4393F24-9AF1-42D2-A40E-3FFA411D1C8C}"
EndProject
Global
	GlobalSection(SolutionConfigurationPlatforms) = preSolution
		Debug|Any CPU = Debug|Any CPU
		Release|Any CPU = Release|Any CPU
	EndGlobalSection
	GlobalSection(ProjectConfigurationPlatforms) = postSolution
		{E4393F24-9AF1-42D2-A40E-3FFA411D1C8C}.Debug|Any CPU.ActiveCfg = Debug|Any CPU
		{E4393F24-9AF1-42D2-A40E-3FFA411D1C8C}.Debug|Any CPU.Build.0 = Debug|Any CPU
		{E4393F24-9AF1-42D2-A40E-3FFA411D1C8C}.Release|Any CPU.ActiveCfg = Release|Any CPU
		{E4393F24-9AF1-42D2-A40E-3FFA411D1C8C}.Release|Any CPU.Build.0 = Release|Any CPU
	EndGlobalSection
	GlobalSection(SolutionProperties) = preSolution
		HideSolutionNode = FALSE
	EndGlobalSection
	GlobalSection(ExtensibilityGlobals) = postSolution
		SolutionGuid = {5145C503-7FAB-47CA-9336-67C255D46F0F}
	EndGlobalSection
EndGlobal
